
Microsoft Visual Studio Solution File, Format Version 12.00
# Visual Studio Version 17
VisualStudioVersion = 17.3.32929.385
MinimumVisualStudioVersion = 10.0.40219.1
Project("{FAE04EC0-301F-11D3-BF4B-00C04F79EFBC}") = "1", "1.csproj", "{316A0BEF-E47C-4079-8B38-6343376D4D05}"
EndProject
Global
	GlobalSection(SolutionConfigurationPlatforms) = preSolution
		Debug|Any CPU = Debug|Any CPU
		Release|Any CPU = Release|Any CPU
	EndGlobalSection
	GlobalSection(ProjectConfigurationPlatforms) = postSolution
		{316A0BEF-E47C-4079-8B38-6343376D4D05}.Debug|Any CPU.ActiveCfg = Debug|Any CPU
		{316A0BEF-E47C-4079-8B38-6343376D4D05}.Debug|Any CPU.Build.0 = Debug|Any CPU
		{316A0BEF-E47C-4079-8B38-6343376D4D05}.Release|Any CPU.ActiveCfg = Release|Any CPU
		{316A0BEF-E47C-4079-8B38-6343376D4D05}.Release|Any CPU.Build.0 = Release|Any CPU
	EndGlobalSection
	GlobalSection(SolutionProperties) = preSolution
		HideSolutionNode = FALSE
	EndGlobalSection
	GlobalSection(ExtensibilityGlobals) = postSolution
		SolutionGuid = {21C197D9-A55E-4D96-B5B1-9ECC1FBD134A}
	EndGlobalSection
EndGlobal
