
Microsoft Visual Studio Solution File, Format Version 12.00
# Visual Studio Version 17
VisualStudioVersion = 17.3.32929.385
MinimumVisualStudioVersion = 10.0.40219.1
Project("{FAE04EC0-301F-11D3-BF4B-00C04F79EFBC}") = "2", "2.csproj", "{EE2FB492-EA88-4972-8145-1CBCCB8A9D19}"
EndProject
Global
	GlobalSection(SolutionConfigurationPlatforms) = preSolution
		Debug|Any CPU = Debug|Any CPU
		Release|Any CPU = Release|Any CPU
	EndGlobalSection
	GlobalSection(ProjectConfigurationPlatforms) = postSolution
		{EE2FB492-EA88-4972-8145-1CBCCB8A9D19}.Debug|Any CPU.ActiveCfg = Debug|Any CPU
		{EE2FB492-EA88-4972-8145-1CBCCB8A9D19}.Debug|Any CPU.Build.0 = Debug|Any CPU
		{EE2FB492-EA88-4972-8145-1CBCCB8A9D19}.Release|Any CPU.ActiveCfg = Release|Any CPU
		{EE2FB492-EA88-4972-8145-1CBCCB8A9D19}.Release|Any CPU.Build.0 = Release|Any CPU
	EndGlobalSection
	GlobalSection(SolutionProperties) = preSolution
		HideSolutionNode = FALSE
	EndGlobalSection
	GlobalSection(ExtensibilityGlobals) = postSolution
		SolutionGuid = {A923AB0F-3494-48A9-ABCA-73AB7CFFFE90}
	EndGlobalSection
EndGlobal
